{
  "originHash" : "09d39c49c62758cf933f094d4c06f72073c9d86e5ee8467637f7a7cf2628a566",
  "pins" : [
    {
      "identity" : "async-http-client",
      "kind" : "remoteSourceControl",
      "location" : "https://github.com/swift-server/async-http-client.git",
      "state" : {
        "revision" : "a22083713ee90808d527d0baa290c2fb13ca3096",
        "version" : "1.21.1"
      }
    },
    {
      "identity" : "combine-schedulers",
      "kind" : "remoteSourceControl",
      "location" : "https://github.com/pointfreeco/combine-schedulers",
      "state" : {
        "revision" : "9dc9cbe4bc45c65164fa653a563d8d8db61b09bb",
        "version" : "1.0.0"
      }
    },
    {
      "identity" : "hummingbird",
      "kind" : "remoteSourceControl",
      "location" : "https://github.com/hummingbird-project/hummingbird.git",
      "state" : {
        "revision" : "6c568da113a7abe712e4a00883a85ff7745d6929",
        "version" : "2.0.0"
      }
    },
    {
      "identity" : "swift-algorithms",
      "kind" : "remoteSourceControl",
      "location" : "https://github.com/apple/swift-algorithms",
      "state" : {
        "revision" : "f6919dfc309e7f1b56224378b11e28bab5bccc42",
        "version" : "1.2.0"
      }
    },
    {
      "identity" : "swift-argument-parser",
      "kind" : "remoteSourceControl",
      "location" : "https://github.com/apple/swift-argument-parser.git",
      "state" : {
        "revision" : "0fbc8848e389af3bb55c182bc19ca9d5dc2f255b",
        "version" : "1.4.0"
      }
    },
    {
      "identity" : "swift-async-algorithms",
      "kind" : "remoteSourceControl",
      "location" : "https://github.com/apple/swift-async-algorithms.git",
      "state" : {
        "revision" : "da4e36f86544cdf733a40d59b3a2267e3a7bbf36",
        "version" : "1.0.0"
      }
    },
    {
      "identity" : "swift-atomics",
      "kind" : "remoteSourceControl",
      "location" : "https://github.com/apple/swift-atomics.git",
      "state" : {
        "revision" : "cd142fd2f64be2100422d658e7411e39489da985",
        "version" : "1.2.0"
      }
    },
    {
      "identity" : "swift-case-paths",
      "kind" : "remoteSourceControl",
      "location" : "https://github.com/pointfreeco/swift-case-paths",
      "state" : {
        "revision" : "8d712376c99fc0267aa0e41fea732babe365270a",
        "version" : "1.3.3"
      }
    },
    {
      "identity" : "swift-clocks",
      "kind" : "remoteSourceControl",
      "location" : "https://github.com/pointfreeco/swift-clocks",
      "state" : {
        "revision" : "a8421d68068d8f45fbceb418fbf22c5dad4afd33",
        "version" : "1.0.2"
      }
    },
    {
      "identity" : "swift-collections",
      "kind" : "remoteSourceControl",
      "location" : "https://github.com/apple/swift-collections",
      "state" : {
        "revision" : "94cf62b3ba8d4bed62680a282d4c25f9c63c2efb",
        "version" : "1.1.0"
      }
    },
    {
      "identity" : "swift-concurrency-extras",
      "kind" : "remoteSourceControl",
      "location" : "https://github.com/pointfreeco/swift-concurrency-extras",
      "state" : {
        "revision" : "bb5059bde9022d69ac516803f4f227d8ac967f71",
        "version" : "1.1.0"
      }
    },
    {
      "identity" : "swift-crypto",
      "kind" : "remoteSourceControl",
      "location" : "https://github.com/apple/swift-crypto.git",
      "state" : {
        "revision" : "9f95b4d033a4edd3814b48608db3f2ca90c7218b",
        "version" : "3.7.0"
      }
    },
    {
      "identity" : "swift-dependencies",
      "kind" : "remoteSourceControl",
      "location" : "https://github.com/pointfreeco/swift-dependencies.git",
      "state" : {
        "revision" : "350e1e119babe8525f9bd155b76640a5de270184",
        "version" : "1.3.0"
      }
    },
    {
      "identity" : "swift-distributed-tracing",
      "kind" : "remoteSourceControl",
      "location" : "https://github.com/apple/swift-distributed-tracing.git",
      "state" : {
        "revision" : "11c756c5c4d7de0eeed8595695cadd7fa107aa19",
        "version" : "1.1.1"
      }
    },
    {
      "identity" : "swift-html",
      "kind" : "remoteSourceControl",
      "location" : "https://github.com/pointfreeco/swift-html.git",
      "state" : {
        "revision" : "be9d301d0d2ed432a57d10c5ab7a1183bd1afce8",
        "version" : "0.4.1"
      }
    },
    {
      "identity" : "swift-http-types",
      "kind" : "remoteSourceControl",
      "location" : "https://github.com/apple/swift-http-types.git",
      "state" : {
        "revision" : "9bee2fdb79cc740081abd8ebd80738063d632286",
        "version" : "1.1.0"
      }
    },
    {
      "identity" : "swift-log",
      "kind" : "remoteSourceControl",
      "location" : "https://github.com/apple/swift-log.git",
      "state" : {
        "revision" : "e97a6fcb1ab07462881ac165fdbb37f067e205d5",
        "version" : "1.5.4"
      }
    },
    {
      "identity" : "swift-metrics",
      "kind" : "remoteSourceControl",
      "location" : "https://github.com/apple/swift-metrics.git",
      "state" : {
        "revision" : "ce594e71e92a1610015017f83f402894df540e51",
        "version" : "2.4.4"
      }
    },
    {
      "identity" : "swift-nio",
      "kind" : "remoteSourceControl",
      "location" : "https://github.com/apple/swift-nio.git",
      "state" : {
        "revision" : "9428f62793696d9a0cc1f26a63f63bb31da0516d",
        "version" : "2.66.0"
      }
    },
    {
      "identity" : "swift-nio-extras",
      "kind" : "remoteSourceControl",
      "location" : "https://github.com/apple/swift-nio-extras.git",
      "state" : {
        "revision" : "a3b640d7dc567225db7c94386a6e71aded1bfa63",
        "version" : "1.22.0"
      }
    },
    {
      "identity" : "swift-nio-http2",
      "kind" : "remoteSourceControl",
      "location" : "https://github.com/apple/swift-nio-http2.git",
      "state" : {
        "revision" : "8d8eb609929aee75336a0a3d2417280786265868",
        "version" : "1.32.0"
      }
    },
    {
      "identity" : "swift-nio-ssl",
      "kind" : "remoteSourceControl",
      "location" : "https://github.com/apple/swift-nio-ssl.git",
      "state" : {
        "revision" : "2b09805797f21c380f7dc9bedaab3157c5508efb",
        "version" : "2.27.0"
      }
    },
    {
      "identity" : "swift-nio-transport-services",
      "kind" : "remoteSourceControl",
      "location" : "https://github.com/apple/swift-nio-transport-services.git",
      "state" : {
        "revision" : "38ac8221dd20674682148d6451367f89c2652980",
        "version" : "1.21.0"
      }
    },
    {
      "identity" : "swift-numerics",
      "kind" : "remoteSourceControl",
      "location" : "https://github.com/apple/swift-numerics.git",
      "state" : {
        "revision" : "0a5bc04095a675662cf24757cc0640aa2204253b",
        "version" : "1.0.2"
      }
    },
    {
      "identity" : "swift-parsing",
      "kind" : "remoteSourceControl",
      "location" : "https://github.com/pointfreeco/swift-parsing",
      "state" : {
        "revision" : "a0e7d73f462c1c38c59dc40a3969ac40cea42950",
        "version" : "0.13.0"
      }
    },
    {
      "identity" : "swift-plumbing",
      "kind" : "remoteSourceControl",
      "location" : "https://github.com/alephao/swift-plumbing.git",
      "state" : {
        "revision" : "470e47492b59824f1d3695b293898ad1c911d6c1",
        "version" : "0.29.0"
      }
    },
    {
      "identity" : "swift-prelude",
      "kind" : "remoteSourceControl",
      "location" : "https://github.com/alephao/swift-prelude.git",
      "state" : {
        "revision" : "da5ead261fbfa57b9d0e993e9f9405c1734a1a1c",
        "version" : "0.7.0"
      }
    },
    {
      "identity" : "swift-service-context",
      "kind" : "remoteSourceControl",
      "location" : "https://github.com/apple/swift-service-context.git",
      "state" : {
        "revision" : "ce0141c8f123132dbd02fd45fea448018762df1b",
        "version" : "1.0.0"
      }
    },
    {
      "identity" : "swift-service-lifecycle",
      "kind" : "remoteSourceControl",
      "location" : "https://github.com/swift-server/swift-service-lifecycle.git",
      "state" : {
        "revision" : "d58e6bf2b1ae2884cf204a8b5bcaaa7aae3c1ff0",
        "version" : "2.6.0"
      }
    },
    {
      "identity" : "swift-snapshot-testing",
      "kind" : "remoteSourceControl",
      "location" : "https://github.com/pointfreeco/swift-snapshot-testing",
      "state" : {
        "revision" : "7b0bbbae90c41f848f90ac7b4df6c4f50068256d",
        "version" : "1.17.5"
      }
    },
    {
      "identity" : "swift-syntax",
      "kind" : "remoteSourceControl",
      "location" : "https://github.com/apple/swift-syntax",
      "state" : {
        "revision" : "303e5c5c36d6a558407d364878df131c3546fad8",
        "version" : "510.0.2"
      }
    },
    {
      "identity" : "swift-system",
      "kind" : "remoteSourceControl",
      "location" : "https://github.com/apple/swift-system.git",
      "state" : {
        "revision" : "f9266c85189c2751589a50ea5aec72799797e471",
        "version" : "1.3.0"
      }
    },
    {
      "identity" : "swift-url-routing",
      "kind" : "remoteSourceControl",
      "location" : "https://github.com/pointfreeco/swift-url-routing.git",
      "state" : {
        "revision" : "13f65cec4de950ba30f08d9bc4abcfa41f9479b9",
        "version" : "0.6.0"
      }
    },
    {
      "identity" : "xctest-dynamic-overlay",
      "kind" : "remoteSourceControl",
      "location" : "https://github.com/pointfreeco/xctest-dynamic-overlay",
      "state" : {
        "revision" : "6f30bdba373bbd7fbfe241dddd732651f2fbd1e2",
        "version" : "1.1.2"
      }
    }
  ],
  "version" : 3
}
